// !$*UTF8*$!
{
	archiveVersion = 1;
	classes = {
	};
	objectVersion = 46;
	objects = {

/* Begin PBXBuildFile section */
		04A86E971D502D880000ADBB /* CXPageController.m in Sources */ = {isa = PBXBuildFile; fileRef = 04A86E961D502D880000ADBB /* CXPageController.m */; };
		04D6467A1D48845800A0977D /* main.m in Sources */ = {isa = PBXBuildFile; fileRef = 04D646791D48845800A0977D /* main.m */; };
		04D6467D1D48845800A0977D /* AppDelegate.m in Sources */ = {isa = PBXBuildFile; fileRef = 04D6467C1D48845800A0977D /* AppDelegate.m */; };
		04D646801D48845800A0977D /* ViewController.m in Sources */ = {isa = PBXBuildFile; fileRef = 04D6467F1D48845800A0977D /* ViewController.m */; };
		04D646831D48845800A0977D /* Main.storyboard in Resources */ = {isa = PBXBuildFile; fileRef = 04D646811D48845800A0977D /* Main.storyboard */; };
		04D646851D48845800A0977D /* Assets.xcassets in Resources */ = {isa = PBXBuildFile; fileRef = 04D646841D48845800A0977D /* Assets.xcassets */; };
		04D646881D48845800A0977D /* LaunchScreen.storyboard in Resources */ = {isa = PBXBuildFile; fileRef = 04D646861D48845800A0977D /* LaunchScreen.storyboard */; };
		04D646911D48856700A0977D /* ContentViewController.m in Sources */ = {isa = PBXBuildFile; fileRef = 04D646901D48856700A0977D /* ContentViewController.m */; };
		04D646961D4AEC2D00A0977D /* PageController.m in Sources */ = {isa = PBXBuildFile; fileRef = 04D646951D4AEC2D00A0977D /* PageController.m */; };
		04D9C02D1D5088BC0061AB79 /* CXMenuView.m in Sources */ = {isa = PBXBuildFile; fileRef = 04D9C02C1D5088BC0061AB79 /* CXMenuView.m */; };
		04D9C0301D5089BB0061AB79 /* CXProgressView.m in Sources */ = {isa = PBXBuildFile; fileRef = 04D9C02F1D5089BB0061AB79 /* CXProgressView.m */; };
		04D9C0331D508EB50061AB79 /* CXScrollView.m in Sources */ = {isa = PBXBuildFile; fileRef = 04D9C0321D508EB50061AB79 /* CXScrollView.m */; };
		04FC370A1D5084C600458A17 /* CXMenuItem.m in Sources */ = {isa = PBXBuildFile; fileRef = 04FC37091D5084C600458A17 /* CXMenuItem.m */; };
/* End PBXBuildFile section */

/* Begin PBXFileReference section */
		04A86E951D502D880000ADBB /* CXPageController.h */ = {isa = PBXFileReference; fileEncoding = 4; lastKnownFileType = sourcecode.c.h; path = CXPageController.h; sourceTree = "<group>"; };
		04A86E961D502D880000ADBB /* CXPageController.m */ = {isa = PBXFileReference; fileEncoding = 4; lastKnownFileType = sourcecode.c.objc; path = CXPageController.m; sourceTree = "<group>"; };
		04D646751D48845800A0977D /* PageController.app */ = {isa = PBXFileReference; explicitFileType = wrapper.application; includeInIndex = 0; path = PageController.app; sourceTree = BUILT_PRODUCTS_DIR; };
		04D646791D48845800A0977D /* main.m */ = {isa = PBXFileReference; lastKnownFileType = sourcecode.c.objc; path = main.m; sourceTree = "<group>"; };
		04D6467B1D48845800A0977D /* AppDelegate.h */ = {isa = PBXFileReference; lastKnownFileType = sourcecode.c.h; path = AppDelegate.h; sourceTree = "<group>"; };
		04D6467C1D48845800A0977D /* AppDelegate.m */ = {isa = PBXFileReference; lastKnownFileType = sourcecode.c.objc; path = AppDelegate.m; sourceTree = "<group>"; };
		04D6467E1D48845800A0977D /* ViewController.h */ = {isa = PBXFileReference; lastKnownFileType = sourcecode.c.h; path = ViewController.h; sourceTree = "<group>"; };
		04D6467F1D48845800A0977D /* ViewController.m */ = {isa = PBXFileReference; lastKnownFileType = sourcecode.c.objc; path = ViewController.m; sourceTree = "<group>"; };
		04D646821D48845800A0977D /* Base */ = {isa = PBXFileReference; lastKnownFileType = file.storyboard; name = Base; path = Base.lproj/Main.storyboard; sourceTree = "<group>"; };
		04D646841D48845800A0977D /* Assets.xcassets */ = {isa = PBXFileReference; lastKnownFileType = folder.assetcatalog; path = Assets.xcassets; sourceTree = "<group>"; };
		04D646871D48845800A0977D /* Base */ = {isa = PBXFileReference; lastKnownFileType = file.storyboard; name = Base; path = Base.lproj/LaunchScreen.storyboard; sourceTree = "<group>"; };
		04D646891D48845800A0977D /* Info.plist */ = {isa = PBXFileReference; lastKnownFileType = text.plist.xml; path = Info.plist; sourceTree = "<group>"; };
		04D6468F1D48856700A0977D /* ContentViewController.h */ = {isa = PBXFileReference; fileEncoding = 4; lastKnownFileType = sourcecode.c.h; path = ContentViewController.h; sourceTree = "<group>"; };
		04D646901D48856700A0977D /* ContentViewController.m */ = {isa = PBXFileReference; fileEncoding = 4; lastKnownFileType = sourcecode.c.objc; path = ContentViewController.m; sourceTree = "<group>"; };
		04D646941D4AEC2D00A0977D /* PageController.h */ = {isa = PBXFileReference; fileEncoding = 4; lastKnownFileType = sourcecode.c.h; name = PageController.h; path = ../PageController.h; sourceTree = "<group>"; };
		04D646951D4AEC2D00A0977D /* PageController.m */ = {isa = PBXFileReference; fileEncoding = 4; lastKnownFileType = sourcecode.c.objc; name = PageController.m; path = ../PageController.m; sourceTree = "<group>"; };
		04D9C02B1D5088BC0061AB79 /* CXMenuView.h */ = {isa = PBXFileReference; fileEncoding = 4; lastKnownFileType = sourcecode.c.h; path = CXMenuView.h; sourceTree = "<group>"; };
		04D9C02C1D5088BC0061AB79 /* CXMenuView.m */ = {isa = PBXFileReference; fileEncoding = 4; lastKnownFileType = sourcecode.c.objc; path = CXMenuView.m; sourceTree = "<group>"; };
		04D9C02E1D5089BB0061AB79 /* CXProgressView.h */ = {isa = PBXFileReference; fileEncoding = 4; lastKnownFileType = sourcecode.c.h; path = CXProgressView.h; sourceTree = "<group>"; };
		04D9C02F1D5089BB0061AB79 /* CXProgressView.m */ = {isa = PBXFileReference; fileEncoding = 4; lastKnownFileType = sourcecode.c.objc; path = CXProgressView.m; sourceTree = "<group>"; };
		04D9C0311D508EB50061AB79 /* CXScrollView.h */ = {isa = PBXFileReference; fileEncoding = 4; lastKnownFileType = sourcecode.c.h; path = CXScrollView.h; sourceTree = "<group>"; };
		04D9C0321D508EB50061AB79 /* CXScrollView.m */ = {isa = PBXFileReference; fileEncoding = 4; lastKnownFileType = sourcecode.c.objc; path = CXScrollView.m; sourceTree = "<group>"; };
		04FC37061D50831E00458A17 /* CXPageConst.h */ = {isa = PBXFileReference; fileEncoding = 4; lastKnownFileType = sourcecode.c.h; path = CXPageConst.h; sourceTree = "<group>"; };
		04FC37081D5084C600458A17 /* CXMenuItem.h */ = {isa = PBXFileReference; fileEncoding = 4; lastKnownFileType = sourcecode.c.h; path = CXMenuItem.h; sourceTree = "<group>"; };
		04FC37091D5084C600458A17 /* CXMenuItem.m */ = {isa = PBXFileReference; fileEncoding = 4; lastKnownFileType = sourcecode.c.objc; path = CXMenuItem.m; sourceTree = "<group>"; };
/* End PBXFileReference section */

/* Begin PBXFrameworksBuildPhase section */
		04D646721D48845800A0977D /* Frameworks */ = {
			isa = PBXFrameworksBuildPhase;
			buildActionMask = 2147483647;
			files = (
			);
			runOnlyForDeploymentPostprocessing = 0;
		};
/* End PBXFrameworksBuildPhase section */

/* Begin PBXGroup section */
		04A86E921D4EDD080000ADBB /* Class */ = {
			isa = PBXGroup;
			children = (
				04D646941D4AEC2D00A0977D /* PageController.h */,
				04D646951D4AEC2D00A0977D /* PageController.m */,
			);
			path = Class;
			sourceTree = "<group>";
		};
		04A86E931D502CE10000ADBB /* CXPageController */ = {
			isa = PBXGroup;
			children = (
				04A86E941D502CE10000ADBB /* Class */,
			);
			path = CXPageController;
			sourceTree = "<group>";
		};
		04A86E941D502CE10000ADBB /* Class */ = {
			isa = PBXGroup;
			children = (
				04FC37071D50841500458A17 /* CXMenuView */,
				04A86E951D502D880000ADBB /* CXPageController.h */,
				04A86E961D502D880000ADBB /* CXPageController.m */,
				04FC37061D50831E00458A17 /* CXPageConst.h */,
			);
			path = Class;
			sourceTree = "<group>";
		};
		04D6466C1D48845800A0977D = {
			isa = PBXGroup;
			children = (
				04D646771D48845800A0977D /* PageController */,
				04D646761D48845800A0977D /* Products */,
			);
			sourceTree = "<group>";
		};
		04D646761D48845800A0977D /* Products */ = {
			isa = PBXGroup;
			children = (
				04D646751D48845800A0977D /* PageController.app */,
			);
			name = Products;
			sourceTree = "<group>";
		};
		04D646771D48845800A0977D /* PageController */ = {
			isa = PBXGroup;
			children = (
				04A86E931D502CE10000ADBB /* CXPageController */,
				04A86E921D4EDD080000ADBB /* Class */,
				04D6467B1D48845800A0977D /* AppDelegate.h */,
				04D6467C1D48845800A0977D /* AppDelegate.m */,
				04D6467E1D48845800A0977D /* ViewController.h */,
				04D6467F1D48845800A0977D /* ViewController.m */,
				04D6468F1D48856700A0977D /* ContentViewController.h */,
				04D646901D48856700A0977D /* ContentViewController.m */,
				04D646811D48845800A0977D /* Main.storyboard */,
				04D646841D48845800A0977D /* Assets.xcassets */,
				04D646861D48845800A0977D /* LaunchScreen.storyboard */,
				04D646891D48845800A0977D /* Info.plist */,
				04D646781D48845800A0977D /* Supporting Files */,
			);
			path = PageController;
			sourceTree = "<group>";
		};
		04D646781D48845800A0977D /* Supporting Files */ = {
			isa = PBXGroup;
			children = (
				04D646791D48845800A0977D /* main.m */,
			);
			name = "Supporting Files";
			sourceTree = "<group>";
		};
		04FC37071D50841500458A17 /* CXMenuView */ = {
			isa = PBXGroup;
			children = (
				04FC37081D5084C600458A17 /* CXMenuItem.h */,
				04FC37091D5084C600458A17 /* CXMenuItem.m */,
				04D9C02B1D5088BC0061AB79 /* CXMenuView.h */,
				04D9C02C1D5088BC0061AB79 /* CXMenuView.m */,
				04D9C02E1D5089BB0061AB79 /* CXProgressView.h */,
				04D9C02F1D5089BB0061AB79 /* CXProgressView.m */,
				04D9C0311D508EB50061AB79 /* CXScrollView.h */,
				04D9C0321D508EB50061AB79 /* CXScrollView.m */,
			);
			path = CXMenuView;
			sourceTree = "<group>";
		};
/* End PBXGroup section */

/* Begin PBXNativeTarget section */
		04D646741D48845800A0977D /* PageController */ = {
			isa = PBXNativeTarget;
			buildConfigurationList = 04D6468C1D48845800A0977D /* Build configuration list for PBXNativeTarget "PageController" */;
			buildPhases = (
				04D646711D48845800A0977D /* Sources */,
				04D646721D48845800A0977D /* Frameworks */,
				04D646731D48845800A0977D /* Resources */,
			);
			buildRules = (
			);
			dependencies = (
			);
			name = PageController;
			productName = PageController;
			productReference = 04D646751D48845800A0977D /* PageController.app */;
			productType = "com.apple.product-type.application";
		};
/* End PBXNativeTarget section */

/* Begin PBXProject section */
		04D6466D1D48845800A0977D /* Project object */ = {
			isa = PBXProject;
			attributes = {
				LastUpgradeCheck = 0730;
				ORGANIZATIONNAME = CES;
				TargetAttributes = {
					04D646741D48845800A0977D = {
						CreatedOnToolsVersion = 7.3.1;
						DevelopmentTeam = 785U7NKS34;
					};
				};
			};
			buildConfigurationList = 04D646701D48845800A0977D /* Build configuration list for PBXProject "PageController" */;
			compatibilityVersion = "Xcode 3.2";
			developmentRegion = English;
			hasScannedForEncodings = 0;
			knownRegions = (
				en,
				Base,
			);
			mainGroup = 04D6466C1D48845800A0977D;
			productRefGroup = 04D646761D48845800A0977D /* Products */;
			projectDirPath = "";
			projectRoot = "";
			targets = (
				04D646741D48845800A0977D /* PageController */,
			);
		};
/* End PBXProject section */

/* Begin PBXResourcesBuildPhase section */
		04D646731D48845800A0977D /* Resources */ = {
			isa = PBXResourcesBuildPhase;
			buildActionMask = 2147483647;
			files = (
				04D646881D48845800A0977D /* LaunchScreen.storyboard in Resources */,
				04D646851D48845800A0977D /* Assets.xcassets in Resources */,
				04D646831D48845800A0977D /* Main.storyboard in Resources */,
			);
			runOnlyForDeploymentPostprocessing = 0;
		};
/* End PBXResourcesBuildPhase section */

/* Begin PBXSourcesBuildPhase section */
		04D646711D48845800A0977D /* Sources */ = {
			isa = PBXSourcesBuildPhase;
			buildActionMask = 2147483647;
			files = (
				04D646961D4AEC2D00A0977D /* PageController.m in Sources */,
				04A86E971D502D880000ADBB /* CXPageController.m in Sources */,
				04D9C02D1D5088BC0061AB79 /* CXMenuView.m in Sources */,
				04D646911D48856700A0977D /* ContentViewController.m in Sources */,
				04D646801D48845800A0977D /* ViewController.m in Sources */,
				04D6467D1D48845800A0977D /* AppDelegate.m in Sources */,
				04D9C0331D508EB50061AB79 /* CXScrollView.m in Sources */,
				04FC370A1D5084C600458A17 /* CXMenuItem.m in Sources */,
				04D9C0301D5089BB0061AB79 /* CXProgressView.m in Sources */,
				04D6467A1D48845800A0977D /* main.m in Sources */,
			);
			runOnlyForDeploymentPostprocessing = 0;
		};
/* End PBXSourcesBuildPhase section */

/* Begin PBXVariantGroup section */
		04D646811D48845800A0977D /* Main.storyboard */ = {
			isa = PBXVariantGroup;
			children = (
				04D646821D48845800A0977D /* Base */,
			);
			name = Main.storyboard;
			sourceTree = "<group>";
		};
		04D646861D48845800A0977D /* LaunchScreen.storyboard */ = {
			isa = PBXVariantGroup;
			children = (
				04D646871D48845800A0977D /* Base */,
			);
			name = LaunchScreen.storyboard;
			sourceTree = "<group>";
		};
/* End PBXVariantGroup section */

/* Begin XCBuildConfiguration section */
		04D6468A1D48845800A0977D /* Debug */ = {
			isa = XCBuildConfiguration;
			buildSettings = {
				ALWAYS_SEARCH_USER_PATHS = NO;
				CLANG_ANALYZER_NONNULL = YES;
				CLANG_CXX_LANGUAGE_STANDARD = "gnu++0x";
				CLANG_CXX_LIBRARY = "libc++";
				CLANG_ENABLE_MODULES = YES;
				CLANG_ENABLE_OBJC_ARC = YES;
				CLANG_WARN_BOOL_CONVERSION = YES;
				CLANG_WARN_CONSTANT_CONVERSION = YES;
				CLANG_WARN_DIRECT_OBJC_ISA_USAGE = YES_ERROR;
				CLANG_WARN_EMPTY_BODY = YES;
				CLANG_WARN_ENUM_CONVERSION = YES;
				CLANG_WARN_INT_CONVERSION = YES;
				CLANG_WARN_OBJC_ROOT_CLASS = YES_ERROR;
				CLANG_WARN_UNREACHABLE_CODE = YES;
				CLANG_WARN__DUPLICATE_METHOD_MATCH = YES;
				"CODE_SIGN_IDENTITY[sdk=iphoneos*]" = "iPhone Developer";
				COPY_PHASE_STRIP = NO;
				DEBUG_INFORMATION_FORMAT = dwarf;
				ENABLE_STRICT_OBJC_MSGSEND = YES;
				ENABLE_TESTABILITY = YES;
				GCC_C_LANGUAGE_STANDARD = gnu99;
				GCC_DYNAMIC_NO_PIC = NO;
				GCC_NO_COMMON_BLOCKS = YES;
				GCC_OPTIMIZATION_LEVEL = 0;
				GCC_PREPROCESSOR_DEFINITIONS = (
					"DEBUG=1",
					"$(inherited)",
				);
				GCC_WARN_64_TO_32_BIT_CONVERSION = YES;
				GCC_WARN_ABOUT_RETURN_TYPE = YES_ERROR;
				GCC_WARN_UNDECLARED_SELECTOR = YES;
				GCC_WARN_UNINITIALIZED_AUTOS = YES_AGGRESSIVE;
				GCC_WARN_UNUSED_FUNCTION = YES;
				GCC_WARN_UNUSED_VARIABLE = YES;
				IPHONEOS_DEPLOYMENT_TARGET = 9.3;
				MTL_ENABLE_DEBUG_INFO = YES;
				ONLY_ACTIVE_ARCH = YES;
				SDKROOT = iphoneos;
			};
			name = Debug;
		};
		04D6468B1D48845800A0977D /* Release */ = {
			isa = XCBuildConfiguration;
			buildSettings = {
				ALWAYS_SEARCH_USER_PATHS = NO;
				CLANG_ANALYZER_NONNULL = YES;
				CLANG_CXX_LANGUAGE_STANDARD = "gnu++0x";
				CLANG_CXX_LIBRARY = "libc++";
				CLANG_ENABLE_MODULES = YES;
				CLANG_ENABLE_OBJC_ARC = YES;
				CLANG_WARN_BOOL_CONVERSION = YES;
				CLANG_WARN_CONSTANT_CONVERSION = YES;
				CLANG_WARN_DIRECT_OBJC_ISA_USAGE = YES_ERROR;
				CLANG_WARN_EMPTY_BODY = YES;
				CLANG_WARN_ENUM_CONVERSION = YES;
				CLANG_WARN_INT_CONVERSION = YES;
				CLANG_WARN_OBJC_ROOT_CLASS = YES_ERROR;
				CLANG_WARN_UNREACHABLE_CODE = YES;
				CLANG_WARN__DUPLICATE_METHOD_MATCH = YES;
				"CODE_SIGN_IDENTITY[sdk=iphoneos*]" = "iPhone Developer";
				COPY_PHASE_STRIP = NO;
				DEBUG_INFORMATION_FORMAT = "dwarf-with-dsym";
				ENABLE_NS_ASSERTIONS = NO;
				ENABLE_STRICT_OBJC_MSGSEND = YES;
				GCC_C_LANGUAGE_STANDARD = gnu99;
				GCC_NO_COMMON_BLOCKS = YES;
				GCC_WARN_64_TO_32_BIT_CONVERSION = YES;
				GCC_WARN_ABOUT_RETURN_TYPE = YES_ERROR;
				GCC_WARN_UNDECLARED_SELECTOR = YES;
				GCC_WARN_UNINITIALIZED_AUTOS = YES_AGGRESSIVE;
				GCC_WARN_UNUSED_FUNCTION = YES;
				GCC_WARN_UNUSED_VARIABLE = YES;
				IPHONEOS_DEPLOYMENT_TARGET = 9.3;
				MTL_ENABLE_DEBUG_INFO = NO;
				SDKROOT = iphoneos;
				VALIDATE_PRODUCT = YES;
			};
			name = Release;
		};
		04D6468D1D48845800A0977D /* Debug */ = {
			isa = XCBuildConfiguration;
			buildSettings = {
				ASSETCATALOG_COMPILER_APPICON_NAME = AppIcon;
				CODE_SIGN_IDENTITY = "iPhone Developer";
				INFOPLIST_FILE = PageController/Info.plist;
				LD_RUNPATH_SEARCH_PATHS = "$(inherited) @executable_path/Frameworks";
				PRODUCT_BUNDLE_IDENTIFIER = com.ces.aiot.mqttTest.PageController;
				PRODUCT_NAME = "$(TARGET_NAME)";
			};
			name = Debug;
		};
		04D6468E1D48845800A0977D /* Release */ = {
			isa = XCBuildConfiguration;
			buildSettings = {
				ASSETCATALOG_COMPILER_APPICON_NAME = AppIcon;
				CODE_SIGN_IDENTITY = "iPhone Developer";
				INFOPLIST_FILE = PageController/Info.plist;
				LD_RUNPATH_SEARCH_PATHS = "$(inherited) @executable_path/Frameworks";
				PRODUCT_BUNDLE_IDENTIFIER = com.ces.aiot.mqttTest.PageController;
				PRODUCT_NAME = "$(TARGET_NAME)";
			};
			name = Release;
		};
/* End XCBuildConfiguration section */

/* Begin XCConfigurationList section */
		04D646701D48845800A0977D /* Build configuration list for PBXProject "PageController" */ = {
			isa = XCConfigurationList;
			buildConfigurations = (
				04D6468A1D48845800A0977D /* Debug */,
				04D6468B1D48845800A0977D /* Release */,
			);
			defaultConfigurationIsVisible = 0;
			defaultConfigurationName = Release;
		};
		04D6468C1D48845800A0977D /* Build configuration list for PBXNativeTarget "PageController" */ = {
			isa = XCConfigurationList;
			buildConfigurations = (
				04D6468D1D48845800A0977D /* Debug */,
				04D6468E1D48845800A0977D /* Release */,
			);
			defaultConfigurationIsVisible = 0;
			defaultConfigurationName = Release;
		};
/* End XCConfigurationList section */
	};
	rootObject = 04D6466D1D48845800A0977D /* Project object */;
}
